// !$*UTF8*$!
{
	archiveVersion = 1;
	classes = {
	};
	objectVersion = 56;
	objects = {

/* Begin PBXBuildFile section */
		87024ED32C10BCCD00E61422 /* FeedbackView.swift in Sources */ = {isa = PBXBuildFile; fileRef = 87024ED22C10BCCD00E61422 /* FeedbackView.swift */; };
		87024ED52C10D54900E61422 /* GoogleService-Info.plist in Resources */ = {isa = PBXBuildFile; fileRef = 87024ED42C10D54900E61422 /* GoogleService-Info.plist */; };
		874140EF2C00FDF700D7379D /* WoodCutter_ChatGPT_V0.pdf in Resources */ = {isa = PBXBuildFile; fileRef = 874140EE2C00FDF700D7379D /* WoodCutter_ChatGPT_V0.pdf */; };
		874E80732C10DF9F00FEE5EF /* FirebaseAnalytics in Frameworks */ = {isa = PBXBuildFile; productRef = 874E80722C10DF9F00FEE5EF /* FirebaseAnalytics */; };
		874E80752C10DF9F00FEE5EF /* FirebaseAnalyticsOnDeviceConversion in Frameworks */ = {isa = PBXBuildFile; productRef = 874E80742C10DF9F00FEE5EF /* FirebaseAnalyticsOnDeviceConversion */; };
		874E80772C10DF9F00FEE5EF /* FirebaseAnalyticsSwift in Frameworks */ = {isa = PBXBuildFile; productRef = 874E80762C10DF9F00FEE5EF /* FirebaseAnalyticsSwift */; };
		874E80792C10DF9F00FEE5EF /* FirebaseAnalyticsWithoutAdIdSupport in Frameworks */ = {isa = PBXBuildFile; productRef = 874E80782C10DF9F00FEE5EF /* FirebaseAnalyticsWithoutAdIdSupport */; };
		874E807B2C10DF9F00FEE5EF /* FirebaseAppCheck in Frameworks */ = {isa = PBXBuildFile; productRef = 874E807A2C10DF9F00FEE5EF /* FirebaseAppCheck */; };
		874E807D2C10DF9F00FEE5EF /* FirebaseAppDistribution-Beta in Frameworks */ = {isa = PBXBuildFile; productRef = 874E807C2C10DF9F00FEE5EF /* FirebaseAppDistribution-Beta */; };
		874E807F2C10DF9F00FEE5EF /* FirebaseAuth in Frameworks */ = {isa = PBXBuildFile; productRef = 874E807E2C10DF9F00FEE5EF /* FirebaseAuth */; };
		874E80812C10DF9F00FEE5EF /* FirebaseAuthCombine-Community in Frameworks */ = {isa = PBXBuildFile; productRef = 874E80802C10DF9F00FEE5EF /* FirebaseAuthCombine-Community */; };
		874E80832C10DF9F00FEE5EF /* FirebaseCrashlytics in Frameworks */ = {isa = PBXBuildFile; productRef = 874E80822C10DF9F00FEE5EF /* FirebaseCrashlytics */; };
		874E80852C10DF9F00FEE5EF /* FirebaseDatabase in Frameworks */ = {isa = PBXBuildFile; productRef = 874E80842C10DF9F00FEE5EF /* FirebaseDatabase */; };
		874E80872C10DF9F00FEE5EF /* FirebaseDatabaseSwift in Frameworks */ = {isa = PBXBuildFile; productRef = 874E80862C10DF9F00FEE5EF /* FirebaseDatabaseSwift */; };
		874E80892C10DF9F00FEE5EF /* FirebaseDynamicLinks in Frameworks */ = {isa = PBXBuildFile; productRef = 874E80882C10DF9F00FEE5EF /* FirebaseDynamicLinks */; };
		874E808B2C10DF9F00FEE5EF /* FirebaseFirestore in Frameworks */ = {isa = PBXBuildFile; productRef = 874E808A2C10DF9F00FEE5EF /* FirebaseFirestore */; };
		874E808D2C10DF9F00FEE5EF /* FirebaseFirestoreCombine-Community in Frameworks */ = {isa = PBXBuildFile; productRef = 874E808C2C10DF9F00FEE5EF /* FirebaseFirestoreCombine-Community */; };
		874E808F2C10DF9F00FEE5EF /* FirebaseFirestoreSwift in Frameworks */ = {isa = PBXBuildFile; productRef = 874E808E2C10DF9F00FEE5EF /* FirebaseFirestoreSwift */; };
		874E80912C10DF9F00FEE5EF /* FirebaseFunctions in Frameworks */ = {isa = PBXBuildFile; productRef = 874E80902C10DF9F00FEE5EF /* FirebaseFunctions */; };
		874E80932C10DF9F00FEE5EF /* FirebaseFunctionsCombine-Community in Frameworks */ = {isa = PBXBuildFile; productRef = 874E80922C10DF9F00FEE5EF /* FirebaseFunctionsCombine-Community */; };
		874E80952C10DF9F00FEE5EF /* FirebaseInAppMessaging-Beta in Frameworks */ = {isa = PBXBuildFile; productRef = 874E80942C10DF9F00FEE5EF /* FirebaseInAppMessaging-Beta */; };
		874E80972C10DF9F00FEE5EF /* FirebaseInAppMessagingSwift-Beta in Frameworks */ = {isa = PBXBuildFile; productRef = 874E80962C10DF9F00FEE5EF /* FirebaseInAppMessagingSwift-Beta */; };
		874E80992C10DF9F00FEE5EF /* FirebaseInstallations in Frameworks */ = {isa = PBXBuildFile; productRef = 874E80982C10DF9F00FEE5EF /* FirebaseInstallations */; };
		874E809B2C10DF9F00FEE5EF /* FirebaseMLModelDownloader in Frameworks */ = {isa = PBXBuildFile; productRef = 874E809A2C10DF9F00FEE5EF /* FirebaseMLModelDownloader */; };
		874E809D2C10DF9F00FEE5EF /* FirebaseMessaging in Frameworks */ = {isa = PBXBuildFile; productRef = 874E809C2C10DF9F00FEE5EF /* FirebaseMessaging */; };
		874E809F2C10DF9F00FEE5EF /* FirebasePerformance in Frameworks */ = {isa = PBXBuildFile; productRef = 874E809E2C10DF9F00FEE5EF /* FirebasePerformance */; };
		874E80A12C10DF9F00FEE5EF /* FirebaseRemoteConfig in Frameworks */ = {isa = PBXBuildFile; productRef = 874E80A02C10DF9F00FEE5EF /* FirebaseRemoteConfig */; };
		874E80A32C10DF9F00FEE5EF /* FirebaseRemoteConfigSwift in Frameworks */ = {isa = PBXBuildFile; productRef = 874E80A22C10DF9F00FEE5EF /* FirebaseRemoteConfigSwift */; };
		874E80A52C10DF9F00FEE5EF /* FirebaseStorage in Frameworks */ = {isa = PBXBuildFile; productRef = 874E80A42C10DF9F00FEE5EF /* FirebaseStorage */; };
		874E80A72C10DF9F00FEE5EF /* FirebaseStorageCombine-Community in Frameworks */ = {isa = PBXBuildFile; productRef = 874E80A62C10DF9F00FEE5EF /* FirebaseStorageCombine-Community */; };
		874E80A92C10DF9F00FEE5EF /* FirebaseVertexAI-Preview in Frameworks */ = {isa = PBXBuildFile; productRef = 874E80A82C10DF9F00FEE5EF /* FirebaseVertexAI-Preview */; };
		87B9FBB52C02CE5A00A168B4 /* WoodCuttingTests.swift in Sources */ = {isa = PBXBuildFile; fileRef = 87B9FBB42C02CE5A00A168B4 /* WoodCuttingTests.swift */; };
		87B9FBBC2C02CE6500A168B4 /* CutOptimizerTests.swift in Sources */ = {isa = PBXBuildFile; fileRef = 87B9FBBB2C02CE6500A168B4 /* CutOptimizerTests.swift */; };
		87C9F4BE2C07AF7C00BC5F3D /* CutOptimizerBeforeTryingToUpdateToOneMaterialAtATime.swift in Sources */ = {isa = PBXBuildFile; fileRef = 87C9F4BD2C07AF7C00BC5F3D /* CutOptimizerBeforeTryingToUpdateToOneMaterialAtATime.swift */; };
		87D0817B2C0659F5001D4869 /* thoughtsforAlg in Resources */ = {isa = PBXBuildFile; fileRef = 87D0817A2C0659F5001D4869 /* thoughtsforAlg */; };
		87D0817D2C066731001D4869 /* SudoAlg in Resources */ = {isa = PBXBuildFile; fileRef = 87D0817C2C066731001D4869 /* SudoAlg */; };
		87D081832C06938C001D4869 /* CutOptimizer.swift in Sources */ = {isa = PBXBuildFile; fileRef = 87D081822C06938C001D4869 /* CutOptimizer.swift */; };
		87D0A8FF2BF98B0E003B6BA1 /* WoodCuttingApp.swift in Sources */ = {isa = PBXBuildFile; fileRef = 87D0A8FE2BF98B0E003B6BA1 /* WoodCuttingApp.swift */; };
		87D0A9012BF98B0E003B6BA1 /* ContentView.swift in Sources */ = {isa = PBXBuildFile; fileRef = 87D0A9002BF98B0E003B6BA1 /* ContentView.swift */; };
		87D0A9032BF98B0F003B6BA1 /* Assets.xcassets in Resources */ = {isa = PBXBuildFile; fileRef = 87D0A9022BF98B0F003B6BA1 /* Assets.xcassets */; };
		87D0A9062BF98B0F003B6BA1 /* Preview Assets.xcassets in Resources */ = {isa = PBXBuildFile; fileRef = 87D0A9052BF98B0F003B6BA1 /* Preview Assets.xcassets */; };
		87D0A9152C00174C003B6BA1 /* KeyboardDismissModifier.swift in Sources */ = {isa = PBXBuildFile; fileRef = 87D0A9142C00174C003B6BA1 /* KeyboardDismissModifier.swift */; };
/* End PBXBuildFile section */

/* Begin PBXContainerItemProxy section */
		87B9FBB62C02CE5A00A168B4 /* PBXContainerItemProxy */ = {
			isa = PBXContainerItemProxy;
			containerPortal = 87D0A8F32BF98B0E003B6BA1 /* Project object */;
			proxyType = 1;
			remoteGlobalIDString = 87D0A8FA2BF98B0E003B6BA1;
			remoteInfo = WoodCutting;
		};
/* End PBXContainerItemProxy section */

/* Begin PBXFileReference section */
		87024ED22C10BCCD00E61422 /* FeedbackView.swift */ = {isa = PBXFileReference; lastKnownFileType = sourcecode.swift; path = FeedbackView.swift; sourceTree = "<group>"; };
		87024ED42C10D54900E61422 /* GoogleService-Info.plist */ = {isa = PBXFileReference; fileEncoding = 4; lastKnownFileType = text.plist.xml; path = "GoogleService-Info.plist"; sourceTree = "<group>"; };
		874140EE2C00FDF700D7379D /* WoodCutter_ChatGPT_V0.pdf */ = {isa = PBXFileReference; lastKnownFileType = image.pdf; path = WoodCutter_ChatGPT_V0.pdf; sourceTree = "<group>"; };
		875C7AB32C02DED70084CA93 /* README.md */ = {isa = PBXFileReference; lastKnownFileType = net.daringfireball.markdown; path = README.md; sourceTree = "<group>"; };
		87B9FBB22C02CE5900A168B4 /* WoodCuttingTests.xctest */ = {isa = PBXFileReference; explicitFileType = wrapper.cfbundle; includeInIndex = 0; path = WoodCuttingTests.xctest; sourceTree = BUILT_PRODUCTS_DIR; };
		87B9FBB42C02CE5A00A168B4 /* WoodCuttingTests.swift */ = {isa = PBXFileReference; lastKnownFileType = sourcecode.swift; path = WoodCuttingTests.swift; sourceTree = "<group>"; };
		87B9FBBB2C02CE6500A168B4 /* CutOptimizerTests.swift */ = {isa = PBXFileReference; lastKnownFileType = sourcecode.swift; path = CutOptimizerTests.swift; sourceTree = "<group>"; };
		87C9F4BD2C07AF7C00BC5F3D /* CutOptimizerBeforeTryingToUpdateToOneMaterialAtATime.swift */ = {isa = PBXFileReference; lastKnownFileType = sourcecode.swift; path = CutOptimizerBeforeTryingToUpdateToOneMaterialAtATime.swift; sourceTree = "<group>"; };
		87D0817A2C0659F5001D4869 /* thoughtsforAlg */ = {isa = PBXFileReference; lastKnownFileType = text; path = thoughtsforAlg; sourceTree = "<group>"; };
		87D0817C2C066731001D4869 /* SudoAlg */ = {isa = PBXFileReference; lastKnownFileType = text; path = SudoAlg; sourceTree = "<group>"; };
		87D081822C06938C001D4869 /* CutOptimizer.swift */ = {isa = PBXFileReference; lastKnownFileType = sourcecode.swift; path = CutOptimizer.swift; sourceTree = "<group>"; };
		87D0A8FB2BF98B0E003B6BA1 /* WoodCutting.app */ = {isa = PBXFileReference; explicitFileType = wrapper.application; includeInIndex = 0; path = WoodCutting.app; sourceTree = BUILT_PRODUCTS_DIR; };
		87D0A8FE2BF98B0E003B6BA1 /* WoodCuttingApp.swift */ = {isa = PBXFileReference; lastKnownFileType = sourcecode.swift; path = WoodCuttingApp.swift; sourceTree = "<group>"; };
		87D0A9002BF98B0E003B6BA1 /* ContentView.swift */ = {isa = PBXFileReference; lastKnownFileType = sourcecode.swift; path = ContentView.swift; sourceTree = "<group>"; };
		87D0A9022BF98B0F003B6BA1 /* Assets.xcassets */ = {isa = PBXFileReference; lastKnownFileType = folder.assetcatalog; path = Assets.xcassets; sourceTree = "<group>"; };
		87D0A9052BF98B0F003B6BA1 /* Preview Assets.xcassets */ = {isa = PBXFileReference; lastKnownFileType = folder.assetcatalog; path = "Preview Assets.xcassets"; sourceTree = "<group>"; };
		87D0A9142C00174C003B6BA1 /* KeyboardDismissModifier.swift */ = {isa = PBXFileReference; lastKnownFileType = sourcecode.swift; path = KeyboardDismissModifier.swift; sourceTree = "<group>"; };
		87E8B5A12C0A8B1400B860F6 /* Info.plist */ = {isa = PBXFileReference; lastKnownFileType = text.plist; path = Info.plist; sourceTree = "<group>"; };
/* End PBXFileReference section */

/* Begin PBXFrameworksBuildPhase section */
		87B9FBAF2C02CE5900A168B4 /* Frameworks */ = {
			isa = PBXFrameworksBuildPhase;
			buildActionMask = 2147483647;
			files = (
			);
			runOnlyForDeploymentPostprocessing = 0;
		};
		87D0A8F82BF98B0E003B6BA1 /* Frameworks */ = {
			isa = PBXFrameworksBuildPhase;
			buildActionMask = 2147483647;
			files = (
				874E80852C10DF9F00FEE5EF /* FirebaseDatabase in Frameworks */,
				874E80932C10DF9F00FEE5EF /* FirebaseFunctionsCombine-Community in Frameworks */,
				874E808B2C10DF9F00FEE5EF /* FirebaseFirestore in Frameworks */,
				874E80772C10DF9F00FEE5EF /* FirebaseAnalyticsSwift in Frameworks */,
				874E80732C10DF9F00FEE5EF /* FirebaseAnalytics in Frameworks */,
				874E80752C10DF9F00FEE5EF /* FirebaseAnalyticsOnDeviceConversion in Frameworks */,
				874E809B2C10DF9F00FEE5EF /* FirebaseMLModelDownloader in Frameworks */,
				874E808F2C10DF9F00FEE5EF /* FirebaseFirestoreSwift in Frameworks */,
				874E807B2C10DF9F00FEE5EF /* FirebaseAppCheck in Frameworks */,
				874E80792C10DF9F00FEE5EF /* FirebaseAnalyticsWithoutAdIdSupport in Frameworks */,
				874E807F2C10DF9F00FEE5EF /* FirebaseAuth in Frameworks */,
				874E80832C10DF9F00FEE5EF /* FirebaseCrashlytics in Frameworks */,
				874E80A32C10DF9F00FEE5EF /* FirebaseRemoteConfigSwift in Frameworks */,
				874E80952C10DF9F00FEE5EF /* FirebaseInAppMessaging-Beta in Frameworks */,
				874E80872C10DF9F00FEE5EF /* FirebaseDatabaseSwift in Frameworks */,
				874E80912C10DF9F00FEE5EF /* FirebaseFunctions in Frameworks */,
				874E80A72C10DF9F00FEE5EF /* FirebaseStorageCombine-Community in Frameworks */,
				874E80A12C10DF9F00FEE5EF /* FirebaseRemoteConfig in Frameworks */,
				874E807D2C10DF9F00FEE5EF /* FirebaseAppDistribution-Beta in Frameworks */,
				874E80812C10DF9F00FEE5EF /* FirebaseAuthCombine-Community in Frameworks */,
				874E809F2C10DF9F00FEE5EF /* FirebasePerformance in Frameworks */,
				874E80972C10DF9F00FEE5EF /* FirebaseInAppMessagingSwift-Beta in Frameworks */,
				874E80A52C10DF9F00FEE5EF /* FirebaseStorage in Frameworks */,
				874E80892C10DF9F00FEE5EF /* FirebaseDynamicLinks in Frameworks */,
				874E80A92C10DF9F00FEE5EF /* FirebaseVertexAI-Preview in Frameworks */,
				874E808D2C10DF9F00FEE5EF /* FirebaseFirestoreCombine-Community in Frameworks */,
				874E809D2C10DF9F00FEE5EF /* FirebaseMessaging in Frameworks */,
				874E80992C10DF9F00FEE5EF /* FirebaseInstallations in Frameworks */,
			);
			runOnlyForDeploymentPostprocessing = 0;
		};
/* End PBXFrameworksBuildPhase section */

/* Begin PBXGroup section */
		874140F02C00FDFE00D7379D /* ChatGPTLogs */ = {
			isa = PBXGroup;
			children = (
				87D0817A2C0659F5001D4869 /* thoughtsforAlg */,
				87D0817C2C066731001D4869 /* SudoAlg */,
				874140EE2C00FDF700D7379D /* WoodCutter_ChatGPT_V0.pdf */,
			);
			path = ChatGPTLogs;
			sourceTree = "<group>";
		};
		87AF94BA2C0A959600338B69 /* Frameworks */ = {
			isa = PBXGroup;
			children = (
			);
			name = Frameworks;
			sourceTree = "<group>";
		};
		87B9FBB32C02CE5A00A168B4 /* WoodCuttingTests */ = {
			isa = PBXGroup;
			children = (
				87B9FBB42C02CE5A00A168B4 /* WoodCuttingTests.swift */,
				87B9FBBB2C02CE6500A168B4 /* CutOptimizerTests.swift */,
			);
			path = WoodCuttingTests;
			sourceTree = "<group>";
		};
		87D0A8F22BF98B0E003B6BA1 = {
			isa = PBXGroup;
			children = (
				87C9F4BD2C07AF7C00BC5F3D /* CutOptimizerBeforeTryingToUpdateToOneMaterialAtATime.swift */,
				87D0A8FD2BF98B0E003B6BA1 /* WoodCutting */,
				87B9FBB32C02CE5A00A168B4 /* WoodCuttingTests */,
				87D0A8FC2BF98B0E003B6BA1 /* Products */,
				87AF94BA2C0A959600338B69 /* Frameworks */,
			);
			sourceTree = "<group>";
		};
		87D0A8FC2BF98B0E003B6BA1 /* Products */ = {
			isa = PBXGroup;
			children = (
				87D0A8FB2BF98B0E003B6BA1 /* WoodCutting.app */,
				87B9FBB22C02CE5900A168B4 /* WoodCuttingTests.xctest */,
			);
			name = Products;
			sourceTree = "<group>";
		};
		87D0A8FD2BF98B0E003B6BA1 /* WoodCutting */ = {
			isa = PBXGroup;
			children = (
				87024ED42C10D54900E61422 /* GoogleService-Info.plist */,
				87E8B5A12C0A8B1400B860F6 /* Info.plist */,
				874140F02C00FDFE00D7379D /* ChatGPTLogs */,
				87D0A8FE2BF98B0E003B6BA1 /* WoodCuttingApp.swift */,
				87D0A9142C00174C003B6BA1 /* KeyboardDismissModifier.swift */,
				87D0A9002BF98B0E003B6BA1 /* ContentView.swift */,
				87024ED22C10BCCD00E61422 /* FeedbackView.swift */,
				87D081822C06938C001D4869 /* CutOptimizer.swift */,
				87D0A9022BF98B0F003B6BA1 /* Assets.xcassets */,
				87D0A9042BF98B0F003B6BA1 /* Preview Content */,
				875C7AB32C02DED70084CA93 /* README.md */,
			);
			path = WoodCutting;
			sourceTree = "<group>";
		};
		87D0A9042BF98B0F003B6BA1 /* Preview Content */ = {
			isa = PBXGroup;
			children = (
				87D0A9052BF98B0F003B6BA1 /* Preview Assets.xcassets */,
			);
			path = "Preview Content";
			sourceTree = "<group>";
		};
/* End PBXGroup section */

/* Begin PBXNativeTarget section */
		87B9FBB12C02CE5900A168B4 /* WoodCuttingTests */ = {
			isa = PBXNativeTarget;
			buildConfigurationList = 87B9FBBA2C02CE5A00A168B4 /* Build configuration list for PBXNativeTarget "WoodCuttingTests" */;
			buildPhases = (
				87B9FBAE2C02CE5900A168B4 /* Sources */,
				87B9FBAF2C02CE5900A168B4 /* Frameworks */,
				87B9FBB02C02CE5900A168B4 /* Resources */,
			);
			buildRules = (
			);
			dependencies = (
				87B9FBB72C02CE5A00A168B4 /* PBXTargetDependency */,
			);
			name = WoodCuttingTests;
			productName = WoodCuttingTests;
			productReference = 87B9FBB22C02CE5900A168B4 /* WoodCuttingTests.xctest */;
			productType = "com.apple.product-type.bundle.unit-test";
		};
		87D0A8FA2BF98B0E003B6BA1 /* WoodCutting */ = {
			isa = PBXNativeTarget;
			buildConfigurationList = 87D0A9092BF98B0F003B6BA1 /* Build configuration list for PBXNativeTarget "WoodCutting" */;
			buildPhases = (
				87D0A8F72BF98B0E003B6BA1 /* Sources */,
				87D0A8F82BF98B0E003B6BA1 /* Frameworks */,
				87D0A8F92BF98B0E003B6BA1 /* Resources */,
			);
			buildRules = (
			);
			dependencies = (
			);
			name = WoodCutting;
			packageProductDependencies = (
				874E80722C10DF9F00FEE5EF /* FirebaseAnalytics */,
				874E80742C10DF9F00FEE5EF /* FirebaseAnalyticsOnDeviceConversion */,
				874E80762C10DF9F00FEE5EF /* FirebaseAnalyticsSwift */,
				874E80782C10DF9F00FEE5EF /* FirebaseAnalyticsWithoutAdIdSupport */,
				874E807A2C10DF9F00FEE5EF /* FirebaseAppCheck */,
				874E807C2C10DF9F00FEE5EF /* FirebaseAppDistribution-Beta */,
				874E807E2C10DF9F00FEE5EF /* FirebaseAuth */,
				874E80802C10DF9F00FEE5EF /* FirebaseAuthCombine-Community */,
				874E80822C10DF9F00FEE5EF /* FirebaseCrashlytics */,
				874E80842C10DF9F00FEE5EF /* FirebaseDatabase */,
				874E80862C10DF9F00FEE5EF /* FirebaseDatabaseSwift */,
				874E80882C10DF9F00FEE5EF /* FirebaseDynamicLinks */,
				874E808A2C10DF9F00FEE5EF /* FirebaseFirestore */,
				874E808C2C10DF9F00FEE5EF /* FirebaseFirestoreCombine-Community */,
				874E808E2C10DF9F00FEE5EF /* FirebaseFirestoreSwift */,
				874E80902C10DF9F00FEE5EF /* FirebaseFunctions */,
				874E80922C10DF9F00FEE5EF /* FirebaseFunctionsCombine-Community */,
				874E80942C10DF9F00FEE5EF /* FirebaseInAppMessaging-Beta */,
				874E80962C10DF9F00FEE5EF /* FirebaseInAppMessagingSwift-Beta */,
				874E80982C10DF9F00FEE5EF /* FirebaseInstallations */,
				874E809A2C10DF9F00FEE5EF /* FirebaseMLModelDownloader */,
				874E809C2C10DF9F00FEE5EF /* FirebaseMessaging */,
				874E809E2C10DF9F00FEE5EF /* FirebasePerformance */,
				874E80A02C10DF9F00FEE5EF /* FirebaseRemoteConfig */,
				874E80A22C10DF9F00FEE5EF /* FirebaseRemoteConfigSwift */,
				874E80A42C10DF9F00FEE5EF /* FirebaseStorage */,
				874E80A62C10DF9F00FEE5EF /* FirebaseStorageCombine-Community */,
				874E80A82C10DF9F00FEE5EF /* FirebaseVertexAI-Preview */,
			);
			productName = WoodCutting;
			productReference = 87D0A8FB2BF98B0E003B6BA1 /* WoodCutting.app */;
			productType = "com.apple.product-type.application";
		};
/* End PBXNativeTarget section */

/* Begin PBXProject section */
		87D0A8F32BF98B0E003B6BA1 /* Project object */ = {
			isa = PBXProject;
			attributes = {
				BuildIndependentTargetsInParallel = 1;
				LastSwiftUpdateCheck = 1530;
				LastUpgradeCheck = 1530;
				TargetAttributes = {
					87B9FBB12C02CE5900A168B4 = {
						CreatedOnToolsVersion = 15.3;
						TestTargetID = 87D0A8FA2BF98B0E003B6BA1;
					};
					87D0A8FA2BF98B0E003B6BA1 = {
						CreatedOnToolsVersion = 15.3;
					};
				};
			};
			buildConfigurationList = 87D0A8F62BF98B0E003B6BA1 /* Build configuration list for PBXProject "WoodCutting" */;
			compatibilityVersion = "Xcode 14.0";
			developmentRegion = en;
			hasScannedForEncodings = 0;
			knownRegions = (
				en,
				Base,
			);
			mainGroup = 87D0A8F22BF98B0E003B6BA1;
			packageReferences = (
				874E80712C10DF9F00FEE5EF /* XCRemoteSwiftPackageReference "firebase-ios-sdk" */,
			);
			productRefGroup = 87D0A8FC2BF98B0E003B6BA1 /* Products */;
			projectDirPath = "";
			projectRoot = "";
			targets = (
				87D0A8FA2BF98B0E003B6BA1 /* WoodCutting */,
				87B9FBB12C02CE5900A168B4 /* WoodCuttingTests */,
			);
		};
/* End PBXProject section */

/* Begin PBXResourcesBuildPhase section */
		87B9FBB02C02CE5900A168B4 /* Resources */ = {
			isa = PBXResourcesBuildPhase;
			buildActionMask = 2147483647;
			files = (
			);
			runOnlyForDeploymentPostprocessing = 0;
		};
		87D0A8F92BF98B0E003B6BA1 /* Resources */ = {
			isa = PBXResourcesBuildPhase;
			buildActionMask = 2147483647;
			files = (
				87D0817B2C0659F5001D4869 /* thoughtsforAlg in Resources */,
				87D0A9062BF98B0F003B6BA1 /* Preview Assets.xcassets in Resources */,
				87D0817D2C066731001D4869 /* SudoAlg in Resources */,
				874140EF2C00FDF700D7379D /* WoodCutter_ChatGPT_V0.pdf in Resources */,
				87024ED52C10D54900E61422 /* GoogleService-Info.plist in Resources */,
				87D0A9032BF98B0F003B6BA1 /* Assets.xcassets in Resources */,
			);
			runOnlyForDeploymentPostprocessing = 0;
		};
/* End PBXResourcesBuildPhase section */

/* Begin PBXSourcesBuildPhase section */
		87B9FBAE2C02CE5900A168B4 /* Sources */ = {
			isa = PBXSourcesBuildPhase;
			buildActionMask = 2147483647;
			files = (
				87B9FBB52C02CE5A00A168B4 /* WoodCuttingTests.swift in Sources */,
				87B9FBBC2C02CE6500A168B4 /* CutOptimizerTests.swift in Sources */,
			);
			runOnlyForDeploymentPostprocessing = 0;
		};
		87D0A8F72BF98B0E003B6BA1 /* Sources */ = {
			isa = PBXSourcesBuildPhase;
			buildActionMask = 2147483647;
			files = (
				87D0A9152C00174C003B6BA1 /* KeyboardDismissModifier.swift in Sources */,
				87D081832C06938C001D4869 /* CutOptimizer.swift in Sources */,
				87D0A9012BF98B0E003B6BA1 /* ContentView.swift in Sources */,
				87024ED32C10BCCD00E61422 /* FeedbackView.swift in Sources */,
				87D0A8FF2BF98B0E003B6BA1 /* WoodCuttingApp.swift in Sources */,
				87C9F4BE2C07AF7C00BC5F3D /* CutOptimizerBeforeTryingToUpdateToOneMaterialAtATime.swift in Sources */,
			);
			runOnlyForDeploymentPostprocessing = 0;
		};
/* End PBXSourcesBuildPhase section */

/* Begin PBXTargetDependency section */
		87B9FBB72C02CE5A00A168B4 /* PBXTargetDependency */ = {
			isa = PBXTargetDependency;
			target = 87D0A8FA2BF98B0E003B6BA1 /* WoodCutting */;
			targetProxy = 87B9FBB62C02CE5A00A168B4 /* PBXContainerItemProxy */;
		};
/* End PBXTargetDependency section */

/* Begin XCBuildConfiguration section */
		87B9FBB82C02CE5A00A168B4 /* Debug */ = {
			isa = XCBuildConfiguration;
			buildSettings = {
				BUNDLE_LOADER = "$(TEST_HOST)";
				CODE_SIGN_STYLE = Automatic;
				CURRENT_PROJECT_VERSION = 1;
				DEVELOPMENT_TEAM = M839BX85D8;
				GENERATE_INFOPLIST_FILE = YES;
				MARKETING_VERSION = 1.0;
				PRODUCT_BUNDLE_IDENTIFIER = crosseyedcat.WoodCuttingTests;
				PRODUCT_NAME = "$(TARGET_NAME)";
				SWIFT_EMIT_LOC_STRINGS = NO;
				SWIFT_VERSION = 5.0;
				TARGETED_DEVICE_FAMILY = "1,2";
				TEST_HOST = "$(BUILT_PRODUCTS_DIR)/WoodCutting.app/$(BUNDLE_EXECUTABLE_FOLDER_PATH)/WoodCutting";
			};
			name = Debug;
		};
		87B9FBB92C02CE5A00A168B4 /* Release */ = {
			isa = XCBuildConfiguration;
			buildSettings = {
				BUNDLE_LOADER = "$(TEST_HOST)";
				CODE_SIGN_STYLE = Automatic;
				CURRENT_PROJECT_VERSION = 1;
				DEVELOPMENT_TEAM = M839BX85D8;
				GENERATE_INFOPLIST_FILE = YES;
				MARKETING_VERSION = 1.0;
				PRODUCT_BUNDLE_IDENTIFIER = crosseyedcat.WoodCuttingTests;
				PRODUCT_NAME = "$(TARGET_NAME)";
				SWIFT_EMIT_LOC_STRINGS = NO;
				SWIFT_VERSION = 5.0;
				TARGETED_DEVICE_FAMILY = "1,2";
				TEST_HOST = "$(BUILT_PRODUCTS_DIR)/WoodCutting.app/$(BUNDLE_EXECUTABLE_FOLDER_PATH)/WoodCutting";
			};
			name = Release;
		};
		87D0A9072BF98B0F003B6BA1 /* Debug */ = {
			isa = XCBuildConfiguration;
			buildSettings = {
				ALWAYS_SEARCH_USER_PATHS = NO;
				ASSETCATALOG_COMPILER_GENERATE_SWIFT_ASSET_SYMBOL_EXTENSIONS = YES;
				CLANG_ANALYZER_NONNULL = YES;
				CLANG_ANALYZER_NUMBER_OBJECT_CONVERSION = YES_AGGRESSIVE;
				CLANG_CXX_LANGUAGE_STANDARD = "gnu++20";
				CLANG_ENABLE_MODULES = YES;
				CLANG_ENABLE_OBJC_ARC = YES;
				CLANG_ENABLE_OBJC_WEAK = YES;
				CLANG_WARN_BLOCK_CAPTURE_AUTORELEASING = YES;
				CLANG_WARN_BOOL_CONVERSION = YES;
				CLANG_WARN_COMMA = YES;
				CLANG_WARN_CONSTANT_CONVERSION = YES;
				CLANG_WARN_DEPRECATED_OBJC_IMPLEMENTATIONS = YES;
				CLANG_WARN_DIRECT_OBJC_ISA_USAGE = YES_ERROR;
				CLANG_WARN_DOCUMENTATION_COMMENTS = YES;
				CLANG_WARN_EMPTY_BODY = YES;
				CLANG_WARN_ENUM_CONVERSION = YES;
				CLANG_WARN_INFINITE_RECURSION = YES;
				CLANG_WARN_INT_CONVERSION = YES;
				CLANG_WARN_NON_LITERAL_NULL_CONVERSION = YES;
				CLANG_WARN_OBJC_IMPLICIT_RETAIN_SELF = YES;
				CLANG_WARN_OBJC_LITERAL_CONVERSION = YES;
				CLANG_WARN_OBJC_ROOT_CLASS = YES_ERROR;
				CLANG_WARN_QUOTED_INCLUDE_IN_FRAMEWORK_HEADER = YES;
				CLANG_WARN_RANGE_LOOP_ANALYSIS = YES;
				CLANG_WARN_STRICT_PROTOTYPES = YES;
				CLANG_WARN_SUSPICIOUS_MOVE = YES;
				CLANG_WARN_UNGUARDED_AVAILABILITY = YES_AGGRESSIVE;
				CLANG_WARN_UNREACHABLE_CODE = YES;
				CLANG_WARN__DUPLICATE_METHOD_MATCH = YES;
				COPY_PHASE_STRIP = NO;
				DEBUG_INFORMATION_FORMAT = dwarf;
				ENABLE_STRICT_OBJC_MSGSEND = YES;
				ENABLE_TESTABILITY = YES;
				ENABLE_USER_SCRIPT_SANDBOXING = YES;
				GCC_C_LANGUAGE_STANDARD = gnu17;
				GCC_DYNAMIC_NO_PIC = NO;
				GCC_NO_COMMON_BLOCKS = YES;
				GCC_OPTIMIZATION_LEVEL = 0;
				GCC_PREPROCESSOR_DEFINITIONS = (
					"DEBUG=1",
					"$(inherited)",
				);
				GCC_WARN_64_TO_32_BIT_CONVERSION = YES;
				GCC_WARN_ABOUT_RETURN_TYPE = YES_ERROR;
				GCC_WARN_UNDECLARED_SELECTOR = YES;
				GCC_WARN_UNINITIALIZED_AUTOS = YES_AGGRESSIVE;
				GCC_WARN_UNUSED_FUNCTION = YES;
				GCC_WARN_UNUSED_VARIABLE = YES;
				IPHONEOS_DEPLOYMENT_TARGET = 17.4;
				LOCALIZATION_PREFERS_STRING_CATALOGS = YES;
				MTL_ENABLE_DEBUG_INFO = INCLUDE_SOURCE;
				MTL_FAST_MATH = YES;
				ONLY_ACTIVE_ARCH = YES;
				SDKROOT = iphoneos;
				SWIFT_ACTIVE_COMPILATION_CONDITIONS = "DEBUG $(inherited)";
				SWIFT_OPTIMIZATION_LEVEL = "-Onone";
			};
			name = Debug;
		};
		87D0A9082BF98B0F003B6BA1 /* Release */ = {
			isa = XCBuildConfiguration;
			buildSettings = {
				ALWAYS_SEARCH_USER_PATHS = NO;
				ASSETCATALOG_COMPILER_GENERATE_SWIFT_ASSET_SYMBOL_EXTENSIONS = YES;
				CLANG_ANALYZER_NONNULL = YES;
				CLANG_ANALYZER_NUMBER_OBJECT_CONVERSION = YES_AGGRESSIVE;
				CLANG_CXX_LANGUAGE_STANDARD = "gnu++20";
				CLANG_ENABLE_MODULES = YES;
				CLANG_ENABLE_OBJC_ARC = YES;
				CLANG_ENABLE_OBJC_WEAK = YES;
				CLANG_WARN_BLOCK_CAPTURE_AUTORELEASING = YES;
				CLANG_WARN_BOOL_CONVERSION = YES;
				CLANG_WARN_COMMA = YES;
				CLANG_WARN_CONSTANT_CONVERSION = YES;
				CLANG_WARN_DEPRECATED_OBJC_IMPLEMENTATIONS = YES;
				CLANG_WARN_DIRECT_OBJC_ISA_USAGE = YES_ERROR;
				CLANG_WARN_DOCUMENTATION_COMMENTS = YES;
				CLANG_WARN_EMPTY_BODY = YES;
				CLANG_WARN_ENUM_CONVERSION = YES;
				CLANG_WARN_INFINITE_RECURSION = YES;
				CLANG_WARN_INT_CONVERSION = YES;
				CLANG_WARN_NON_LITERAL_NULL_CONVERSION = YES;
				CLANG_WARN_OBJC_IMPLICIT_RETAIN_SELF = YES;
				CLANG_WARN_OBJC_LITERAL_CONVERSION = YES;
				CLANG_WARN_OBJC_ROOT_CLASS = YES_ERROR;
				CLANG_WARN_QUOTED_INCLUDE_IN_FRAMEWORK_HEADER = YES;
				CLANG_WARN_RANGE_LOOP_ANALYSIS = YES;
				CLANG_WARN_STRICT_PROTOTYPES = YES;
				CLANG_WARN_SUSPICIOUS_MOVE = YES;
				CLANG_WARN_UNGUARDED_AVAILABILITY = YES_AGGRESSIVE;
				CLANG_WARN_UNREACHABLE_CODE = YES;
				CLANG_WARN__DUPLICATE_METHOD_MATCH = YES;
				COPY_PHASE_STRIP = NO;
				DEBUG_INFORMATION_FORMAT = "dwarf-with-dsym";
				ENABLE_NS_ASSERTIONS = NO;
				ENABLE_STRICT_OBJC_MSGSEND = YES;
				ENABLE_USER_SCRIPT_SANDBOXING = YES;
				GCC_C_LANGUAGE_STANDARD = gnu17;
				GCC_NO_COMMON_BLOCKS = YES;
				GCC_WARN_64_TO_32_BIT_CONVERSION = YES;
				GCC_WARN_ABOUT_RETURN_TYPE = YES_ERROR;
				GCC_WARN_UNDECLARED_SELECTOR = YES;
				GCC_WARN_UNINITIALIZED_AUTOS = YES_AGGRESSIVE;
				GCC_WARN_UNUSED_FUNCTION = YES;
				GCC_WARN_UNUSED_VARIABLE = YES;
				IPHONEOS_DEPLOYMENT_TARGET = 17.4;
				LOCALIZATION_PREFERS_STRING_CATALOGS = YES;
				MTL_ENABLE_DEBUG_INFO = NO;
				MTL_FAST_MATH = YES;
				SDKROOT = iphoneos;
				SWIFT_COMPILATION_MODE = wholemodule;
				VALIDATE_PRODUCT = YES;
			};
			name = Release;
		};
		87D0A90A2BF98B0F003B6BA1 /* Debug */ = {
			isa = XCBuildConfiguration;
			buildSettings = {
				ASSETCATALOG_COMPILER_APPICON_NAME = AppIcon;
				ASSETCATALOG_COMPILER_GLOBAL_ACCENT_COLOR_NAME = AccentColor;
				ASSETCATALOG_COMPILER_INCLUDE_ALL_APPICON_ASSETS = YES;
				CODE_SIGN_STYLE = Automatic;
				CURRENT_PROJECT_VERSION = 1;
				DEVELOPMENT_ASSET_PATHS = "\"WoodCutting/Preview Content\"";
				DEVELOPMENT_TEAM = M839BX85D8;
				ENABLE_PREVIEWS = YES;
				GENERATE_INFOPLIST_FILE = YES;
				INFOPLIST_FILE = WoodCutting/Info.plist;
				INFOPLIST_KEY_CFBundleDisplayName = "Wood Cut Calculator";
				INFOPLIST_KEY_LSApplicationCategoryType = "public.app-category.utilities";
				INFOPLIST_KEY_UIApplicationSceneManifest_Generation = YES;
				INFOPLIST_KEY_UIApplicationSupportsIndirectInputEvents = YES;
				INFOPLIST_KEY_UISupportedInterfaceOrientations_iPad = "UIInterfaceOrientationPortrait UIInterfaceOrientationPortraitUpsideDown UIInterfaceOrientationLandscapeLeft UIInterfaceOrientationLandscapeRight";
				INFOPLIST_KEY_UISupportedInterfaceOrientations_iPhone = "UIInterfaceOrientationPortrait UIInterfaceOrientationLandscapeLeft UIInterfaceOrientationLandscapeRight";
				LD_RUNPATH_SEARCH_PATHS = (
					"$(inherited)",
					"@executable_path/Frameworks",
				);
				MARKETING_VERSION = 0.1;
				PRODUCT_BUNDLE_IDENTIFIER = crosseyedcat.WoodCutting;
				PRODUCT_NAME = "$(TARGET_NAME)";
				SUPPORTED_PLATFORMS = "iphoneos iphonesimulator";
				SUPPORTS_MACCATALYST = NO;
				SUPPORTS_MAC_DESIGNED_FOR_IPHONE_IPAD = NO;
				SUPPORTS_XR_DESIGNED_FOR_IPHONE_IPAD = NO;
				SWIFT_EMIT_LOC_STRINGS = YES;
				SWIFT_VERSION = 5.0;
				TARGETED_DEVICE_FAMILY = "1,2";
			};
			name = Debug;
		};
		87D0A90B2BF98B0F003B6BA1 /* Release */ = {
			isa = XCBuildConfiguration;
			buildSettings = {
				ASSETCATALOG_COMPILER_APPICON_NAME = AppIcon;
				ASSETCATALOG_COMPILER_GLOBAL_ACCENT_COLOR_NAME = AccentColor;
				ASSETCATALOG_COMPILER_INCLUDE_ALL_APPICON_ASSETS = YES;
				CODE_SIGN_STYLE = Automatic;
				CURRENT_PROJECT_VERSION = 1;
				DEVELOPMENT_ASSET_PATHS = "\"WoodCutting/Preview Content\"";
				DEVELOPMENT_TEAM = M839BX85D8;
				ENABLE_PREVIEWS = YES;
				GENERATE_INFOPLIST_FILE = YES;
				INFOPLIST_FILE = WoodCutting/Info.plist;
				INFOPLIST_KEY_CFBundleDisplayName = "Wood Cut Calculator";
				INFOPLIST_KEY_LSApplicationCategoryType = "public.app-category.utilities";
				INFOPLIST_KEY_UIApplicationSceneManifest_Generation = YES;
				INFOPLIST_KEY_UIApplicationSupportsIndirectInputEvents = YES;
				INFOPLIST_KEY_UISupportedInterfaceOrientations_iPad = "UIInterfaceOrientationPortrait UIInterfaceOrientationPortraitUpsideDown UIInterfaceOrientationLandscapeLeft UIInterfaceOrientationLandscapeRight";
				INFOPLIST_KEY_UISupportedInterfaceOrientations_iPhone = "UIInterfaceOrientationPortrait UIInterfaceOrientationLandscapeLeft UIInterfaceOrientationLandscapeRight";
				LD_RUNPATH_SEARCH_PATHS = (
					"$(inherited)",
					"@executable_path/Frameworks",
				);
				MARKETING_VERSION = 0.1;
				PRODUCT_BUNDLE_IDENTIFIER = crosseyedcat.WoodCutting;
				PRODUCT_NAME = "$(TARGET_NAME)";
				SUPPORTED_PLATFORMS = "iphoneos iphonesimulator";
				SUPPORTS_MACCATALYST = NO;
				SUPPORTS_MAC_DESIGNED_FOR_IPHONE_IPAD = NO;
				SUPPORTS_XR_DESIGNED_FOR_IPHONE_IPAD = NO;
				SWIFT_EMIT_LOC_STRINGS = YES;
				SWIFT_VERSION = 5.0;
				TARGETED_DEVICE_FAMILY = "1,2";
			};
			name = Release;
		};
/* End XCBuildConfiguration section */

/* Begin XCConfigurationList section */
		87B9FBBA2C02CE5A00A168B4 /* Build configuration list for PBXNativeTarget "WoodCuttingTests" */ = {
			isa = XCConfigurationList;
			buildConfigurations = (
				87B9FBB82C02CE5A00A168B4 /* Debug */,
				87B9FBB92C02CE5A00A168B4 /* Release */,
			);
			defaultConfigurationIsVisible = 0;
			defaultConfigurationName = Release;
		};
		87D0A8F62BF98B0E003B6BA1 /* Build configuration list for PBXProject "WoodCutting" */ = {
			isa = XCConfigurationList;
			buildConfigurations = (
				87D0A9072BF98B0F003B6BA1 /* Debug */,
				87D0A9082BF98B0F003B6BA1 /* Release */,
			);
			defaultConfigurationIsVisible = 0;
			defaultConfigurationName = Release;
		};
		87D0A9092BF98B0F003B6BA1 /* Build configuration list for PBXNativeTarget "WoodCutting" */ = {
			isa = XCConfigurationList;
			buildConfigurations = (
				87D0A90A2BF98B0F003B6BA1 /* Debug */,
				87D0A90B2BF98B0F003B6BA1 /* Release */,
			);
			defaultConfigurationIsVisible = 0;
			defaultConfigurationName = Release;
		};
/* End XCConfigurationList section */

/* Begin XCRemoteSwiftPackageReference section */
		874E80712C10DF9F00FEE5EF /* XCRemoteSwiftPackageReference "firebase-ios-sdk" */ = {
			isa = XCRemoteSwiftPackageReference;
			repositoryURL = "https://github.com/firebase/firebase-ios-sdk.git";
			requirement = {
				kind = upToNextMajorVersion;
				minimumVersion = 10.27.0;
			};
		};
/* End XCRemoteSwiftPackageReference section */

/* Begin XCSwiftPackageProductDependency section */
		874E80722C10DF9F00FEE5EF /* FirebaseAnalytics */ = {
			isa = XCSwiftPackageProductDependency;
			package = 874E80712C10DF9F00FEE5EF /* XCRemoteSwiftPackageReference "firebase-ios-sdk" */;
			productName = FirebaseAnalytics;
		};
		874E80742C10DF9F00FEE5EF /* FirebaseAnalyticsOnDeviceConversion */ = {
			isa = XCSwiftPackageProductDependency;
			package = 874E80712C10DF9F00FEE5EF /* XCRemoteSwiftPackageReference "firebase-ios-sdk" */;
			productName = FirebaseAnalyticsOnDeviceConversion;
		};
		874E80762C10DF9F00FEE5EF /* FirebaseAnalyticsSwift */ = {
			isa = XCSwiftPackageProductDependency;
			package = 874E80712C10DF9F00FEE5EF /* XCRemoteSwiftPackageReference "firebase-ios-sdk" */;
			productName = FirebaseAnalyticsSwift;
		};
		874E80782C10DF9F00FEE5EF /* FirebaseAnalyticsWithoutAdIdSupport */ = {
			isa = XCSwiftPackageProductDependency;
			package = 874E80712C10DF9F00FEE5EF /* XCRemoteSwiftPackageReference "firebase-ios-sdk" */;
			productName = FirebaseAnalyticsWithoutAdIdSupport;
		};
		874E807A2C10DF9F00FEE5EF /* FirebaseAppCheck */ = {
			isa = XCSwiftPackageProductDependency;
			package = 874E80712C10DF9F00FEE5EF /* XCRemoteSwiftPackageReference "firebase-ios-sdk" */;
			productName = FirebaseAppCheck;
		};
		874E807C2C10DF9F00FEE5EF /* FirebaseAppDistribution-Beta */ = {
			isa = XCSwiftPackageProductDependency;
			package = 874E80712C10DF9F00FEE5EF /* XCRemoteSwiftPackageReference "firebase-ios-sdk" */;
			productName = "FirebaseAppDistribution-Beta";
		};
		874E807E2C10DF9F00FEE5EF /* FirebaseAuth */ = {
			isa = XCSwiftPackageProductDependency;
			package = 874E80712C10DF9F00FEE5EF /* XCRemoteSwiftPackageReference "firebase-ios-sdk" */;
			productName = FirebaseAuth;
		};
		874E80802C10DF9F00FEE5EF /* FirebaseAuthCombine-Community */ = {
			isa = XCSwiftPackageProductDependency;
			package = 874E80712C10DF9F00FEE5EF /* XCRemoteSwiftPackageReference "firebase-ios-sdk" */;
			productName = "FirebaseAuthCombine-Community";
		};
		874E80822C10DF9F00FEE5EF /* FirebaseCrashlytics */ = {
			isa = XCSwiftPackageProductDependency;
			package = 874E80712C10DF9F00FEE5EF /* XCRemoteSwiftPackageReference "firebase-ios-sdk" */;
			productName = FirebaseCrashlytics;
		};
		874E80842C10DF9F00FEE5EF /* FirebaseDatabase */ = {
			isa = XCSwiftPackageProductDependency;
			package = 874E80712C10DF9F00FEE5EF /* XCRemoteSwiftPackageReference "firebase-ios-sdk" */;
			productName = FirebaseDatabase;
		};
		874E80862C10DF9F00FEE5EF /* FirebaseDatabaseSwift */ = {
			isa = XCSwiftPackageProductDependency;
			package = 874E80712C10DF9F00FEE5EF /* XCRemoteSwiftPackageReference "firebase-ios-sdk" */;
			productName = FirebaseDatabaseSwift;
		};
		874E80882C10DF9F00FEE5EF /* FirebaseDynamicLinks */ = {
			isa = XCSwiftPackageProductDependency;
			package = 874E80712C10DF9F00FEE5EF /* XCRemoteSwiftPackageReference "firebase-ios-sdk" */;
			productName = FirebaseDynamicLinks;
		};
		874E808A2C10DF9F00FEE5EF /* FirebaseFirestore */ = {
			isa = XCSwiftPackageProductDependency;
			package = 874E80712C10DF9F00FEE5EF /* XCRemoteSwiftPackageReference "firebase-ios-sdk" */;
			productName = FirebaseFirestore;
		};
		874E808C2C10DF9F00FEE5EF /* FirebaseFirestoreCombine-Community */ = {
			isa = XCSwiftPackageProductDependency;
			package = 874E80712C10DF9F00FEE5EF /* XCRemoteSwiftPackageReference "firebase-ios-sdk" */;
			productName = "FirebaseFirestoreCombine-Community";
		};
		874E808E2C10DF9F00FEE5EF /* FirebaseFirestoreSwift */ = {
			isa = XCSwiftPackageProductDependency;
			package = 874E80712C10DF9F00FEE5EF /* XCRemoteSwiftPackageReference "firebase-ios-sdk" */;
			productName = FirebaseFirestoreSwift;
		};
		874E80902C10DF9F00FEE5EF /* FirebaseFunctions */ = {
			isa = XCSwiftPackageProductDependency;
			package = 874E80712C10DF9F00FEE5EF /* XCRemoteSwiftPackageReference "firebase-ios-sdk" */;
			productName = FirebaseFunctions;
		};
		874E80922C10DF9F00FEE5EF /* FirebaseFunctionsCombine-Community */ = {
			isa = XCSwiftPackageProductDependency;
			package = 874E80712C10DF9F00FEE5EF /* XCRemoteSwiftPackageReference "firebase-ios-sdk" */;
			productName = "FirebaseFunctionsCombine-Community";
		};
		874E80942C10DF9F00FEE5EF /* FirebaseInAppMessaging-Beta */ = {
			isa = XCSwiftPackageProductDependency;
			package = 874E80712C10DF9F00FEE5EF /* XCRemoteSwiftPackageReference "firebase-ios-sdk" */;
			productName = "FirebaseInAppMessaging-Beta";
		};
		874E80962C10DF9F00FEE5EF /* FirebaseInAppMessagingSwift-Beta */ = {
			isa = XCSwiftPackageProductDependency;
			package = 874E80712C10DF9F00FEE5EF /* XCRemoteSwiftPackageReference "firebase-ios-sdk" */;
			productName = "FirebaseInAppMessagingSwift-Beta";
		};
		874E80982C10DF9F00FEE5EF /* FirebaseInstallations */ = {
			isa = XCSwiftPackageProductDependency;
			package = 874E80712C10DF9F00FEE5EF /* XCRemoteSwiftPackageReference "firebase-ios-sdk" */;
			productName = FirebaseInstallations;
		};
		874E809A2C10DF9F00FEE5EF /* FirebaseMLModelDownloader */ = {
			isa = XCSwiftPackageProductDependency;
			package = 874E80712C10DF9F00FEE5EF /* XCRemoteSwiftPackageReference "firebase-ios-sdk" */;
			productName = FirebaseMLModelDownloader;
		};
		874E809C2C10DF9F00FEE5EF /* FirebaseMessaging */ = {
			isa = XCSwiftPackageProductDependency;
			package = 874E80712C10DF9F00FEE5EF /* XCRemoteSwiftPackageReference "firebase-ios-sdk" */;
			productName = FirebaseMessaging;
		};
		874E809E2C10DF9F00FEE5EF /* FirebasePerformance */ = {
			isa = XCSwiftPackageProductDependency;
			package = 874E80712C10DF9F00FEE5EF /* XCRemoteSwiftPackageReference "firebase-ios-sdk" */;
			productName = FirebasePerformance;
		};
		874E80A02C10DF9F00FEE5EF /* FirebaseRemoteConfig */ = {
			isa = XCSwiftPackageProductDependency;
			package = 874E80712C10DF9F00FEE5EF /* XCRemoteSwiftPackageReference "firebase-ios-sdk" */;
			productName = FirebaseRemoteConfig;
		};
		874E80A22C10DF9F00FEE5EF /* FirebaseRemoteConfigSwift */ = {
			isa = XCSwiftPackageProductDependency;
			package = 874E80712C10DF9F00FEE5EF /* XCRemoteSwiftPackageReference "firebase-ios-sdk" */;
			productName = FirebaseRemoteConfigSwift;
		};
		874E80A42C10DF9F00FEE5EF /* FirebaseStorage */ = {
			isa = XCSwiftPackageProductDependency;
			package = 874E80712C10DF9F00FEE5EF /* XCRemoteSwiftPackageReference "firebase-ios-sdk" */;
			productName = FirebaseStorage;
		};
		874E80A62C10DF9F00FEE5EF /* FirebaseStorageCombine-Community */ = {
			isa = XCSwiftPackageProductDependency;
			package = 874E80712C10DF9F00FEE5EF /* XCRemoteSwiftPackageReference "firebase-ios-sdk" */;
			productName = "FirebaseStorageCombine-Community";
		};
		874E80A82C10DF9F00FEE5EF /* FirebaseVertexAI-Preview */ = {
			isa = XCSwiftPackageProductDependency;
			package = 874E80712C10DF9F00FEE5EF /* XCRemoteSwiftPackageReference "firebase-ios-sdk" */;
			productName = "FirebaseVertexAI-Preview";
		};
/* End XCSwiftPackageProductDependency section */
	};
	rootObject = 87D0A8F32BF98B0E003B6BA1 /* Project object */;
}
